# THIS IS AN AUTOGENERATED FILE. DO NOT EDIT THIS FILE DIRECTLY.
# yarn lockfile v1


"@commercetools/platform-sdk@^1.3.0":
  version "1.3.0"
  resolved "https://registry.yarnpkg.com/@commercetools/platform-sdk/-/platform-sdk-1.3.0.tgz#9ea0903a8bf993e3cbf3e9d3ed1411f0ed60a31b"
  integrity sha512-YikHVIvpCLsUREuaqZLx3IfBgSd0c65FMEJsjuGEglBIsYrGwrUq4SSF16Mrpjb8q+OH0Mfs1uZU+niSayH5Og==

"@commercetools/sdk-auth@^3.0.10":
  version "3.0.10"
  resolved "https://registry.yarnpkg.com/@commercetools/sdk-auth/-/sdk-auth-3.0.10.tgz#77abed48383fbeb3e864e473ce20b81835f9e6bf"
  integrity sha512-spVT4GlTK1LCZUVbVZAM/lLHDFhtafF23+1YI1jS56F47HfEsAhA1kMtz4zd6T/5SDJ2mJPLXPQz5UYGsFTIFQ==
  dependencies:
    "@commercetools/sdk-middleware-http" "^6.0.9"
    lodash.defaultsdeep "^4.6.0"
    qss "2.0.3"

"@commercetools/sdk-client@^2.1.2":
  version "2.1.2"
  resolved "https://registry.yarnpkg.com/@commercetools/sdk-client/-/sdk-client-2.1.2.tgz#fe1e442f67a385f103470669784c0fa20d7a2314"
  integrity sha512-YPpK39pkjfedjS1/BFg2d7CrvTeN7vIS5vfiqEkKOtAoUxiNkugv59gRSoh2Em8SOccxyM/skpgHyTqfmJzXug==

"@commercetools/sdk-middleware-auth@^6.1.4":
  version "6.1.4"
  resolved "https://registry.yarnpkg.com/@commercetools/sdk-middleware-auth/-/sdk-middleware-auth-6.1.4.tgz#c5f464ae1627336715681e4590b63777e034c890"
  integrity sha512-49R1DWsA+pNHH7/2K6QU5wnJSXabljKA8dvzs5HcbLwutlDp3Io0XHgIJa9qpfYhgW6k0h9dPICcLbESrQBXYw==
  dependencies:
    node-fetch "^2.3.0"

"@commercetools/sdk-middleware-http@^6.0.9":
  version "6.0.9"
  resolved "https://registry.yarnpkg.com/@commercetools/sdk-middleware-http/-/sdk-middleware-http-6.0.9.tgz#b0e59e59ffa76615d97e6f53c22a5b7e16d5f041"
  integrity sha512-yo/ECMoEr7pC8Piq0niECnsv3QDsbBaZVa/zW2WwMYk1bGy1gfHNZYTN5cKDyTlBHHMn9E3EJnBz35M7aX1Vhw==

"@commercetools/sdk-middleware-logger@^2.1.1":
  version "2.1.1"
  resolved "https://registry.yarnpkg.com/@commercetools/sdk-middleware-logger/-/sdk-middleware-logger-2.1.1.tgz#9283fdc8c403a7e2d4d06637e6015770b864e64a"
  integrity sha512-k/Jm3lsWbszPBHtPAvu0rINTq398p4ddv0zbAH8R4p6Yc1GkBEy6tNgHPzX/eFskI/qerPy9IsW1xK8pqgtHHQ==

dotenv@^8.2.0:
  version "8.2.0"
  resolved "https://registry.yarnpkg.com/dotenv/-/dotenv-8.2.0.tgz#97e619259ada750eea3e4ea3e26bceea5424b16a"
  integrity sha512-8sJ78ElpbDJBHNeBzUbUVLsqKdccaa/BXF1uPTw3GrvQTBgrQrtObr2mUrE38vzYd8cEv+m/JBfDLioYcfXoaw==

lodash.defaultsdeep@^4.6.0:
  version "4.6.1"
  resolved "https://registry.yarnpkg.com/lodash.defaultsdeep/-/lodash.defaultsdeep-4.6.1.tgz#512e9bd721d272d94e3d3a63653fa17516741ca6"
  integrity sha512-3j8wdDzYuWO3lM3Reg03MuQR957t287Rpcxp1njpEa8oDrikb+FwGdW3n+FELh/A6qib6yPit0j/pv9G/yeAqA==

node-fetch@^2.3.0, node-fetch@^2.6.1:
  version "2.6.1"
  resolved "https://registry.yarnpkg.com/node-fetch/-/node-fetch-2.6.1.tgz#045bd323631f76ed2e2b55573394416b639a0052"
  integrity sha512-V4aYg89jEoVRxRb2fJdAg8FHvI7cEyYdVAh94HH0UIK8oJxUfkjlDQN9RbMx+bEjP7+ggMiFRprSti032Oipxw==

prettier@2.1.2:
  version "2.1.2"
  resolved "https://registry.yarnpkg.com/prettier/-/prettier-2.1.2.tgz#3050700dae2e4c8b67c4c3f666cdb8af405e1ce5"
  integrity sha512-16c7K+x4qVlJg9rEbXl7HEGmQyZlG4R9AgP+oHKRMsMsuk8s+ATStlf1NpDqyBI1HpVyfjLOeMhH2LvuNvV5Vg==

qss@2.0.3:
  version "2.0.3"
  resolved "https://registry.yarnpkg.com/qss/-/qss-2.0.3.tgz#630b38b120931b52d04704f3abfb0f861604a9ec"
  integrity sha512-j48ZBT5IZbSqJiSU8EX4XrN8nXiflHvmMvv2XpFc31gh7n6EpSs75bNr6+oj3FOLWyT8m09pTmqLNl34L7/uPQ==

typescript@^4.0.3:
  version "4.0.3"
  resolved "https://registry.yarnpkg.com/typescript/-/typescript-4.0.3.tgz#153bbd468ef07725c1df9c77e8b453f8d36abba5"
  integrity sha512-tEu6DGxGgRJPb/mVPIZ48e69xCn2yRmCgYmDugAVwmJ6o+0u1RI18eO7E7WBTLYLaEVVOhwQmcdhQHweux/WPg==
